// !$*UTF8*$!
{
	archiveVersion = 1;
	classes = {
	};
	objectVersion = 56;
	objects = {

/* Begin PBXBuildFile section */
		4A862D652A46FE6E00AF4E54 /* SecurityGameScene.swift in Sources */ = {isa = PBXBuildFile; fileRef = 4A862D612A46FE6E00AF4E54 /* SecurityGameScene.swift */; };
		4A862D672A46FE6E00AF4E54 /* SecurityGameScene.sks in Resources */ = {isa = PBXBuildFile; fileRef = 4A862D632A46FE6E00AF4E54 /* SecurityGameScene.sks */; };
		4A862D6B2A4708ED00AF4E54 /* Starfield.sks in Resources */ = {isa = PBXBuildFile; fileRef = 4A862D692A4708ED00AF4E54 /* Starfield.sks */; };
		4A862D6C2A4708ED00AF4E54 /* Assets.xcassets in Resources */ = {isa = PBXBuildFile; fileRef = 4A862D6A2A4708ED00AF4E54 /* Assets.xcassets */; };
		4AC6ACFE2A50416000168957 /* RoleRevealScene.sks in Resources */ = {isa = PBXBuildFile; fileRef = 4AC6ACFD2A50416000168957 /* RoleRevealScene.sks */; };
		4AC6AD002A50428400168957 /* RoleRevealScene.swift in Sources */ = {isa = PBXBuildFile; fileRef = 4AC6ACFF2A50428400168957 /* RoleRevealScene.swift */; };
		4AC6AD022A5042C400168957 /* RoleRevealView.swift in Sources */ = {isa = PBXBuildFile; fileRef = 4AC6AD012A5042C400168957 /* RoleRevealView.swift */; };
		561429C82A4A6BAF00A39D62 /* MainGame.swift in Sources */ = {isa = PBXBuildFile; fileRef = 561429C72A4A6BAF00A39D62 /* MainGame.swift */; };
		561429CA2A4A6C3800A39D62 /* MainGame+GKGameCenterViewController.swift in Sources */ = {isa = PBXBuildFile; fileRef = 561429C92A4A6C3800A39D62 /* MainGame+GKGameCenterViewController.swift */; };
		561429CC2A4A6CB700A39D62 /* MainGame+GKLocalPlayerListener.swift in Sources */ = {isa = PBXBuildFile; fileRef = 561429CB2A4A6CB700A39D62 /* MainGame+GKLocalPlayerListener.swift */; };
		561429D02A4A6E6C00A39D62 /* MainGame+GKMatchmakerViewControllerDelegate.swift in Sources */ = {isa = PBXBuildFile; fileRef = 561429CF2A4A6E6C00A39D62 /* MainGame+GKMatchmakerViewControllerDelegate.swift */; };
		561429D52A4A6ECD00A39D62 /* MainGame+Messages.swift in Sources */ = {isa = PBXBuildFile; fileRef = 561429D42A4A6ECD00A39D62 /* MainGame+Messages.swift */; };
		561429D72A4A6EF800A39D62 /* MainGame+Friends.swift in Sources */ = {isa = PBXBuildFile; fileRef = 561429D62A4A6EF800A39D62 /* MainGame+Friends.swift */; };
		561429D92A4A6F1300A39D62 /* MainGame+VoiceChat.swift in Sources */ = {isa = PBXBuildFile; fileRef = 561429D82A4A6F1300A39D62 /* MainGame+VoiceChat.swift */; };
		561429DC2A4A70E700A39D62 /* MainGame+EncodeData.swift in Sources */ = {isa = PBXBuildFile; fileRef = 561429DB2A4A70E700A39D62 /* MainGame+EncodeData.swift */; };
		561429DE2A4A710400A39D62 /* MainGame+DecodeData.swift in Sources */ = {isa = PBXBuildFile; fileRef = 561429DD2A4A710400A39D62 /* MainGame+DecodeData.swift */; };
		561429E02A4A757300A39D62 /* MainGame+SecurityRole.swift in Sources */ = {isa = PBXBuildFile; fileRef = 561429DF2A4A757300A39D62 /* MainGame+SecurityRole.swift */; };
		561429E22A4A7D1E00A39D62 /* MainGame+GuideRole.swift in Sources */ = {isa = PBXBuildFile; fileRef = 561429E12A4A7D1E00A39D62 /* MainGame+GuideRole.swift */; };
		561429E42A4A7D2E00A39D62 /* MainGame+CleanerRole.swift in Sources */ = {isa = PBXBuildFile; fileRef = 561429E32A4A7D2E00A39D62 /* MainGame+CleanerRole.swift */; };
		561429E62A4A7D3800A39D62 /* MainGame+InventoryRole.swift in Sources */ = {isa = PBXBuildFile; fileRef = 561429E52A4A7D3800A39D62 /* MainGame+InventoryRole.swift */; };
		563EFB762A566518005EEA26 /* GameStart.gif in Resources */ = {isa = PBXBuildFile; fileRef = 563EFB752A566518005EEA26 /* GameStart.gif */; };
		563EFB782A566BF6005EEA26 /* SpaceGrotesk-Bold.ttf in Resources */ = {isa = PBXBuildFile; fileRef = 563EFB772A566BF6005EEA26 /* SpaceGrotesk-Bold.ttf */; };
		567593CA2A4BBD2A00CCE935 /* MainGame+GlobalFunction.swift in Sources */ = {isa = PBXBuildFile; fileRef = 567593C92A4BBD2A00CCE935 /* MainGame+GlobalFunction.swift */; };
		56F837A72A550D2C00F8615F /* GameView.swift in Sources */ = {isa = PBXBuildFile; fileRef = 56F837A62A550D2C00F8615F /* GameView.swift */; };
		770FAB442A5DA7F2003E81B1 /* game-over.wav in Resources */ = {isa = PBXBuildFile; fileRef = 770FAB422A5DA7F2003E81B1 /* game-over.wav */; };
		770FAB452A5DA7F2003E81B1 /* transition-hyper-drive-out.wav in Resources */ = {isa = PBXBuildFile; fileRef = 770FAB432A5DA7F2003E81B1 /* transition-hyper-drive-out.wav */; };
		770FAB472A5E375E003E81B1 /* backsound.wav in Resources */ = {isa = PBXBuildFile; fileRef = 770FAB462A5E375E003E81B1 /* backsound.wav */; };
		7760AB762A5DA5AC001B84B5 /* swipe-rocket.wav in Resources */ = {isa = PBXBuildFile; fileRef = 7760AB752A5DA5AC001B84B5 /* swipe-rocket.wav */; };
		779037D32A5E6D9A0038FC31 /* storage-door.wav in Resources */ = {isa = PBXBuildFile; fileRef = 779037D22A5E6D9A0038FC31 /* storage-door.wav */; };
		779037D52A5E6EE40038FC31 /* buy-button.wav in Resources */ = {isa = PBXBuildFile; fileRef = 779037D42A5E6EE40038FC31 /* buy-button.wav */; };
		779037D72A5E8B580038FC31 /* teleport-to-guide.wav in Resources */ = {isa = PBXBuildFile; fileRef = 779037D62A5E8B580038FC31 /* teleport-to-guide.wav */; };
		779037DC2A5E90890038FC31 /* low-timer.wav in Resources */ = {isa = PBXBuildFile; fileRef = 779037DA2A5E90890038FC31 /* low-timer.wav */; };
		779037DD2A5E90890038FC31 /* low-health.wav in Resources */ = {isa = PBXBuildFile; fileRef = 779037DB2A5E90890038FC31 /* low-health.wav */; };
		779037DF2A5E933A0038FC31 /* angry-alien.wav in Resources */ = {isa = PBXBuildFile; fileRef = 779037DE2A5E933A0038FC31 /* angry-alien.wav */; };
		77937DE72A50277B009770F4 /* DumpCodeTest.swift in Sources */ = {isa = PBXBuildFile; fileRef = 77937DE62A50277B009770F4 /* DumpCodeTest.swift */; };
		77937DF72A544481009770F4 /* GuiderGameScene.swift in Sources */ = {isa = PBXBuildFile; fileRef = 77937DF62A544481009770F4 /* GuiderGameScene.swift */; };
		77937DF92A54465E009770F4 /* SecurityGuestModel.swift in Sources */ = {isa = PBXBuildFile; fileRef = 77937DF82A54465E009770F4 /* SecurityGuestModel.swift */; };
		77A867272A5EF0B7008FAC72 /* alien-sit.wav in Resources */ = {isa = PBXBuildFile; fileRef = 77A867262A5EF0B7008FAC72 /* alien-sit.wav */; };
		77A867292A5EF0C3008FAC72 /* alien-leave.wav in Resources */ = {isa = PBXBuildFile; fileRef = 77A867282A5EF0C3008FAC72 /* alien-leave.wav */; };
		77A8672B2A5F8561008FAC72 /* earn-coins.wav in Resources */ = {isa = PBXBuildFile; fileRef = 77A8672A2A5F8561008FAC72 /* earn-coins.wav */; };
		77A8672D2A5F9076008FAC72 /* IngameSoundViewModel.swift in Sources */ = {isa = PBXBuildFile; fileRef = 77A8672C2A5F9076008FAC72 /* IngameSoundViewModel.swift */; };
		77A8672F2A5F9B1C008FAC72 /* backsound-play-screen.wav in Resources */ = {isa = PBXBuildFile; fileRef = 77A8672E2A5F9B1C008FAC72 /* backsound-play-screen.wav */; };
		77A867312A5F9F8D008FAC72 /* GameStartViewModel.swift in Sources */ = {isa = PBXBuildFile; fileRef = 77A867302A5F9F8D008FAC72 /* GameStartViewModel.swift */; };
		77A867332A5FA069008FAC72 /* GameStartGameScene.swift in Sources */ = {isa = PBXBuildFile; fileRef = 77A867322A5FA069008FAC72 /* GameStartGameScene.swift */; };
		77A867352A5FA079008FAC72 /* GameStartGameScene.sks in Resources */ = {isa = PBXBuildFile; fileRef = 77A867342A5FA079008FAC72 /* GameStartGameScene.sks */; };
		77A867372A5FA123008FAC72 /* GameStartView.swift in Sources */ = {isa = PBXBuildFile; fileRef = 77A867362A5FA123008FAC72 /* GameStartView.swift */; };
		77A867392A5FA1BE008FAC72 /* transition-hyper-drive-in.wav in Resources */ = {isa = PBXBuildFile; fileRef = 77A867382A5FA1BE008FAC72 /* transition-hyper-drive-in.wav */; };
		77ACA6A12A57BD3E00C591E7 /* SpriteKit.framework in Frameworks */ = {isa = PBXBuildFile; fileRef = 77E3E32B2A43D50B00143224 /* SpriteKit.framework */; };
		77D6B4902A49DD8B00BB551F /* ParticleAssets.xcassets in Resources */ = {isa = PBXBuildFile; fileRef = 77D6B48E2A49DD8B00BB551F /* ParticleAssets.xcassets */; };
		77D6B4922A49DDBE00BB551F /* starfield.sks in Resources */ = {isa = PBXBuildFile; fileRef = 77D6B4912A49DDBE00BB551F /* starfield.sks */; };
		77D6B4942A4BC57F00BB551F /* GuiderGameViewModel.swift in Sources */ = {isa = PBXBuildFile; fileRef = 77D6B4932A4BC57F00BB551F /* GuiderGameViewModel.swift */; };
		77D6B4962A4DEA0A00BB551F /* MainMenuGameScene.swift in Sources */ = {isa = PBXBuildFile; fileRef = 77D6B4952A4DEA0A00BB551F /* MainMenuGameScene.swift */; };
		77D6B4982A4DEA2200BB551F /* MainMenuGameScene.sks in Resources */ = {isa = PBXBuildFile; fileRef = 77D6B4972A4DEA2200BB551F /* MainMenuGameScene.sks */; };
		77E3E3042A414BFE00143224 /* Co_SpaceApp.swift in Sources */ = {isa = PBXBuildFile; fileRef = 77E3E3032A414BFE00143224 /* Co_SpaceApp.swift */; };
		77E3E3082A414BFF00143224 /* Assets.xcassets in Resources */ = {isa = PBXBuildFile; fileRef = 77E3E3072A414BFF00143224 /* Assets.xcassets */; };
		77E3E30B2A414BFF00143224 /* Preview Assets.xcassets in Resources */ = {isa = PBXBuildFile; fileRef = 77E3E30A2A414BFF00143224 /* Preview Assets.xcassets */; };
		77E3E3182A415D7900143224 /* InventoryView.swift in Sources */ = {isa = PBXBuildFile; fileRef = 77E3E3172A415D7900143224 /* InventoryView.swift */; };
		77E3E31A2A415D8500143224 /* MainmenuView.swift in Sources */ = {isa = PBXBuildFile; fileRef = 77E3E3192A415D8500143224 /* MainmenuView.swift */; };
		77E3E31C2A415D9200143224 /* GuiderView.swift in Sources */ = {isa = PBXBuildFile; fileRef = 77E3E31B2A415D9200143224 /* GuiderView.swift */; };
		77E3E31E2A415D9B00143224 /* CleanerView.swift in Sources */ = {isa = PBXBuildFile; fileRef = 77E3E31D2A415D9B00143224 /* CleanerView.swift */; };
		77E3E3202A415DA700143224 /* SecurityView.swift in Sources */ = {isa = PBXBuildFile; fileRef = 77E3E31F2A415DA700143224 /* SecurityView.swift */; };
		77E3E3312A43E5AC00143224 /* GuiderGameScene.sks in Resources */ = {isa = PBXBuildFile; fileRef = 77E3E3302A43E5AC00143224 /* GuiderGameScene.sks */; };
		77E3E3352A44021900143224 /* GuestGuiderModel.swift in Sources */ = {isa = PBXBuildFile; fileRef = 77E3E3342A44021900143224 /* GuestGuiderModel.swift */; };
		CF0DBABD2A4EE0000018BDD6 /* InventoryGameScene.sks in Resources */ = {isa = PBXBuildFile; fileRef = CF0DBABC2A4EE0000018BDD6 /* InventoryGameScene.sks */; };
		CF2CF9052A53B1AE00377547 /* ResultGameScene.swift in Sources */ = {isa = PBXBuildFile; fileRef = CF2CF9042A53B1AE00377547 /* ResultGameScene.swift */; };
		CF2CF9072A53B1C500377547 /* ResultGameScene.sks in Resources */ = {isa = PBXBuildFile; fileRef = CF2CF9062A53B1C500377547 /* ResultGameScene.sks */; };
		CF2CF9092A53BE6E00377547 /* ResultView.swift in Sources */ = {isa = PBXBuildFile; fileRef = CF2CF9082A53BE6E00377547 /* ResultView.swift */; };
		CF78F2612A4BD19900409E06 /* InventoryGameScene.swift in Sources */ = {isa = PBXBuildFile; fileRef = CF78F2602A4BD19900409E06 /* InventoryGameScene.swift */; };
		CFC5AD1D2A493A840075CAFF /* CleanerGameScene.sks in Resources */ = {isa = PBXBuildFile; fileRef = CFC5AD1A2A493A840075CAFF /* CleanerGameScene.sks */; };
		CFC5AD1E2A493A840075CAFF /* CleanerGameScene.swift in Sources */ = {isa = PBXBuildFile; fileRef = CFC5AD1B2A493A840075CAFF /* CleanerGameScene.swift */; };
		CFC5AD1F2A493A840075CAFF /* GameViewController.swift in Sources */ = {isa = PBXBuildFile; fileRef = CFC5AD1C2A493A840075CAFF /* GameViewController.swift */; };
/* End PBXBuildFile section */

/* Begin PBXFileReference section */
		4A862D612A46FE6E00AF4E54 /* SecurityGameScene.swift */ = {isa = PBXFileReference; fileEncoding = 4; lastKnownFileType = sourcecode.swift; name = SecurityGameScene.swift; path = Security/SecurityGameScene.swift; sourceTree = SOURCE_ROOT; };
		4A862D632A46FE6E00AF4E54 /* SecurityGameScene.sks */ = {isa = PBXFileReference; lastKnownFileType = file.sks; name = SecurityGameScene.sks; path = Security/SecurityGameScene.sks; sourceTree = SOURCE_ROOT; };
		4A862D692A4708ED00AF4E54 /* Starfield.sks */ = {isa = PBXFileReference; lastKnownFileType = file.sks; path = Starfield.sks; sourceTree = "<group>"; };
		4A862D6A2A4708ED00AF4E54 /* Assets.xcassets */ = {isa = PBXFileReference; lastKnownFileType = folder.assetcatalog; path = Assets.xcassets; sourceTree = "<group>"; };
		4AC6ACFD2A50416000168957 /* RoleRevealScene.sks */ = {isa = PBXFileReference; lastKnownFileType = file.sks; name = RoleRevealScene.sks; path = ../../RoleRevealScene.sks; sourceTree = "<group>"; };
		4AC6ACFF2A50428400168957 /* RoleRevealScene.swift */ = {isa = PBXFileReference; lastKnownFileType = sourcecode.swift; path = RoleRevealScene.swift; sourceTree = "<group>"; };
		4AC6AD012A5042C400168957 /* RoleRevealView.swift */ = {isa = PBXFileReference; lastKnownFileType = sourcecode.swift; path = RoleRevealView.swift; sourceTree = "<group>"; };
		561429C72A4A6BAF00A39D62 /* MainGame.swift */ = {isa = PBXFileReference; lastKnownFileType = sourcecode.swift; path = MainGame.swift; sourceTree = "<group>"; };
		561429C92A4A6C3800A39D62 /* MainGame+GKGameCenterViewController.swift */ = {isa = PBXFileReference; lastKnownFileType = sourcecode.swift; path = "MainGame+GKGameCenterViewController.swift"; sourceTree = "<group>"; };
		561429CB2A4A6CB700A39D62 /* MainGame+GKLocalPlayerListener.swift */ = {isa = PBXFileReference; lastKnownFileType = sourcecode.swift; path = "MainGame+GKLocalPlayerListener.swift"; sourceTree = "<group>"; };
		561429CF2A4A6E6C00A39D62 /* MainGame+GKMatchmakerViewControllerDelegate.swift */ = {isa = PBXFileReference; lastKnownFileType = sourcecode.swift; path = "MainGame+GKMatchmakerViewControllerDelegate.swift"; sourceTree = "<group>"; };
		561429D42A4A6ECD00A39D62 /* MainGame+Messages.swift */ = {isa = PBXFileReference; lastKnownFileType = sourcecode.swift; path = "MainGame+Messages.swift"; sourceTree = "<group>"; };
		561429D62A4A6EF800A39D62 /* MainGame+Friends.swift */ = {isa = PBXFileReference; lastKnownFileType = sourcecode.swift; path = "MainGame+Friends.swift"; sourceTree = "<group>"; };
		561429D82A4A6F1300A39D62 /* MainGame+VoiceChat.swift */ = {isa = PBXFileReference; lastKnownFileType = sourcecode.swift; path = "MainGame+VoiceChat.swift"; sourceTree = "<group>"; };
		561429DB2A4A70E700A39D62 /* MainGame+EncodeData.swift */ = {isa = PBXFileReference; lastKnownFileType = sourcecode.swift; path = "MainGame+EncodeData.swift"; sourceTree = "<group>"; };
		561429DD2A4A710400A39D62 /* MainGame+DecodeData.swift */ = {isa = PBXFileReference; lastKnownFileType = sourcecode.swift; path = "MainGame+DecodeData.swift"; sourceTree = "<group>"; };
		561429DF2A4A757300A39D62 /* MainGame+SecurityRole.swift */ = {isa = PBXFileReference; lastKnownFileType = sourcecode.swift; path = "MainGame+SecurityRole.swift"; sourceTree = "<group>"; };
		561429E12A4A7D1E00A39D62 /* MainGame+GuideRole.swift */ = {isa = PBXFileReference; lastKnownFileType = sourcecode.swift; path = "MainGame+GuideRole.swift"; sourceTree = "<group>"; };
		561429E32A4A7D2E00A39D62 /* MainGame+CleanerRole.swift */ = {isa = PBXFileReference; lastKnownFileType = sourcecode.swift; path = "MainGame+CleanerRole.swift"; sourceTree = "<group>"; };
		561429E52A4A7D3800A39D62 /* MainGame+InventoryRole.swift */ = {isa = PBXFileReference; lastKnownFileType = sourcecode.swift; path = "MainGame+InventoryRole.swift"; sourceTree = "<group>"; };
		563EFB742A565351005EEA26 /* Info.plist */ = {isa = PBXFileReference; lastKnownFileType = text.plist; path = Info.plist; sourceTree = "<group>"; };
		563EFB752A566518005EEA26 /* GameStart.gif */ = {isa = PBXFileReference; lastKnownFileType = image.gif; path = GameStart.gif; sourceTree = "<group>"; };
		563EFB772A566BF6005EEA26 /* SpaceGrotesk-Bold.ttf */ = {isa = PBXFileReference; lastKnownFileType = file; path = "SpaceGrotesk-Bold.ttf"; sourceTree = "<group>"; };
		567593C92A4BBD2A00CCE935 /* MainGame+GlobalFunction.swift */ = {isa = PBXFileReference; lastKnownFileType = sourcecode.swift; path = "MainGame+GlobalFunction.swift"; sourceTree = "<group>"; };
		56F837A62A550D2C00F8615F /* GameView.swift */ = {isa = PBXFileReference; lastKnownFileType = sourcecode.swift; path = GameView.swift; sourceTree = "<group>"; };
		770FAB422A5DA7F2003E81B1 /* game-over.wav */ = {isa = PBXFileReference; lastKnownFileType = audio.wav; path = "game-over.wav"; sourceTree = "<group>"; };
		770FAB432A5DA7F2003E81B1 /* transition-hyper-drive-out.wav */ = {isa = PBXFileReference; lastKnownFileType = audio.wav; path = "transition-hyper-drive-out.wav"; sourceTree = "<group>"; };
		770FAB462A5E375E003E81B1 /* backsound.wav */ = {isa = PBXFileReference; lastKnownFileType = audio.wav; path = backsound.wav; sourceTree = "<group>"; };
		7760AB752A5DA5AC001B84B5 /* swipe-rocket.wav */ = {isa = PBXFileReference; lastKnownFileType = audio.wav; path = "swipe-rocket.wav"; sourceTree = "<group>"; };
		779037D22A5E6D9A0038FC31 /* storage-door.wav */ = {isa = PBXFileReference; lastKnownFileType = audio.wav; path = "storage-door.wav"; sourceTree = "<group>"; };
		779037D42A5E6EE40038FC31 /* buy-button.wav */ = {isa = PBXFileReference; lastKnownFileType = audio.wav; path = "buy-button.wav"; sourceTree = "<group>"; };
		779037D62A5E8B580038FC31 /* teleport-to-guide.wav */ = {isa = PBXFileReference; lastKnownFileType = audio.wav; path = "teleport-to-guide.wav"; sourceTree = "<group>"; };
		779037DA2A5E90890038FC31 /* low-timer.wav */ = {isa = PBXFileReference; lastKnownFileType = audio.wav; path = "low-timer.wav"; sourceTree = "<group>"; };
		779037DB2A5E90890038FC31 /* low-health.wav */ = {isa = PBXFileReference; lastKnownFileType = audio.wav; path = "low-health.wav"; sourceTree = "<group>"; };
		779037DE2A5E933A0038FC31 /* angry-alien.wav */ = {isa = PBXFileReference; lastKnownFileType = audio.wav; path = "angry-alien.wav"; sourceTree = "<group>"; };
		77937DE62A50277B009770F4 /* DumpCodeTest.swift */ = {isa = PBXFileReference; lastKnownFileType = sourcecode.swift; path = DumpCodeTest.swift; sourceTree = "<group>"; };
		77937DF62A544481009770F4 /* GuiderGameScene.swift */ = {isa = PBXFileReference; lastKnownFileType = sourcecode.swift; path = GuiderGameScene.swift; sourceTree = "<group>"; };
		77937DF82A54465E009770F4 /* SecurityGuestModel.swift */ = {isa = PBXFileReference; lastKnownFileType = sourcecode.swift; name = SecurityGuestModel.swift; path = "Co-Space/Scenes/SecurityGuestModel.swift"; sourceTree = SOURCE_ROOT; };
		77A867262A5EF0B7008FAC72 /* alien-sit.wav */ = {isa = PBXFileReference; lastKnownFileType = audio.wav; path = "alien-sit.wav"; sourceTree = "<group>"; };
		77A867282A5EF0C3008FAC72 /* alien-leave.wav */ = {isa = PBXFileReference; lastKnownFileType = audio.wav; path = "alien-leave.wav"; sourceTree = "<group>"; };
		77A8672A2A5F8561008FAC72 /* earn-coins.wav */ = {isa = PBXFileReference; lastKnownFileType = audio.wav; path = "earn-coins.wav"; sourceTree = "<group>"; };
		77A8672C2A5F9076008FAC72 /* IngameSoundViewModel.swift */ = {isa = PBXFileReference; lastKnownFileType = sourcecode.swift; path = IngameSoundViewModel.swift; sourceTree = "<group>"; };
		77A8672E2A5F9B1C008FAC72 /* backsound-play-screen.wav */ = {isa = PBXFileReference; lastKnownFileType = audio.wav; path = "backsound-play-screen.wav"; sourceTree = "<group>"; };
		77A867302A5F9F8D008FAC72 /* GameStartViewModel.swift */ = {isa = PBXFileReference; lastKnownFileType = sourcecode.swift; path = GameStartViewModel.swift; sourceTree = "<group>"; };
		77A867322A5FA069008FAC72 /* GameStartGameScene.swift */ = {isa = PBXFileReference; lastKnownFileType = sourcecode.swift; path = GameStartGameScene.swift; sourceTree = "<group>"; };
		77A867342A5FA079008FAC72 /* GameStartGameScene.sks */ = {isa = PBXFileReference; lastKnownFileType = file.sks; path = GameStartGameScene.sks; sourceTree = "<group>"; };
		77A867362A5FA123008FAC72 /* GameStartView.swift */ = {isa = PBXFileReference; lastKnownFileType = sourcecode.swift; path = GameStartView.swift; sourceTree = "<group>"; };
		77A867382A5FA1BE008FAC72 /* transition-hyper-drive-in.wav */ = {isa = PBXFileReference; lastKnownFileType = audio.wav; path = "transition-hyper-drive-in.wav"; sourceTree = "<group>"; };
		77D6B48E2A49DD8B00BB551F /* ParticleAssets.xcassets */ = {isa = PBXFileReference; lastKnownFileType = folder.assetcatalog; path = ParticleAssets.xcassets; sourceTree = "<group>"; };
		77D6B4912A49DDBE00BB551F /* starfield.sks */ = {isa = PBXFileReference; lastKnownFileType = file.sks; path = starfield.sks; sourceTree = "<group>"; };
		77D6B4932A4BC57F00BB551F /* GuiderGameViewModel.swift */ = {isa = PBXFileReference; lastKnownFileType = sourcecode.swift; path = GuiderGameViewModel.swift; sourceTree = "<group>"; };
		77D6B4952A4DEA0A00BB551F /* MainMenuGameScene.swift */ = {isa = PBXFileReference; lastKnownFileType = sourcecode.swift; path = MainMenuGameScene.swift; sourceTree = "<group>"; };
		77D6B4972A4DEA2200BB551F /* MainMenuGameScene.sks */ = {isa = PBXFileReference; lastKnownFileType = file.sks; path = MainMenuGameScene.sks; sourceTree = "<group>"; };
		77E3E3002A414BFE00143224 /* Co-Space.app */ = {isa = PBXFileReference; explicitFileType = wrapper.application; includeInIndex = 0; path = "Co-Space.app"; sourceTree = BUILT_PRODUCTS_DIR; };
		77E3E3032A414BFE00143224 /* Co_SpaceApp.swift */ = {isa = PBXFileReference; lastKnownFileType = sourcecode.swift; path = Co_SpaceApp.swift; sourceTree = "<group>"; };
		77E3E3072A414BFF00143224 /* Assets.xcassets */ = {isa = PBXFileReference; lastKnownFileType = folder.assetcatalog; path = Assets.xcassets; sourceTree = "<group>"; };
		77E3E30A2A414BFF00143224 /* Preview Assets.xcassets */ = {isa = PBXFileReference; lastKnownFileType = folder.assetcatalog; path = "Preview Assets.xcassets"; sourceTree = "<group>"; };
		77E3E3172A415D7900143224 /* InventoryView.swift */ = {isa = PBXFileReference; lastKnownFileType = sourcecode.swift; path = InventoryView.swift; sourceTree = "<group>"; };
		77E3E3192A415D8500143224 /* MainmenuView.swift */ = {isa = PBXFileReference; lastKnownFileType = sourcecode.swift; path = MainmenuView.swift; sourceTree = "<group>"; };
		77E3E31B2A415D9200143224 /* GuiderView.swift */ = {isa = PBXFileReference; lastKnownFileType = sourcecode.swift; path = GuiderView.swift; sourceTree = "<group>"; };
		77E3E31D2A415D9B00143224 /* CleanerView.swift */ = {isa = PBXFileReference; lastKnownFileType = sourcecode.swift; path = CleanerView.swift; sourceTree = "<group>"; };
		77E3E31F2A415DA700143224 /* SecurityView.swift */ = {isa = PBXFileReference; lastKnownFileType = sourcecode.swift; path = SecurityView.swift; sourceTree = "<group>"; };
		77E3E32B2A43D50B00143224 /* SpriteKit.framework */ = {isa = PBXFileReference; lastKnownFileType = wrapper.framework; name = SpriteKit.framework; path = System/Library/Frameworks/SpriteKit.framework; sourceTree = SDKROOT; };
		77E3E32F2A43DB2600143224 /* Co-Space.entitlements */ = {isa = PBXFileReference; lastKnownFileType = text.plist.entitlements; path = "Co-Space.entitlements"; sourceTree = "<group>"; };
		77E3E3302A43E5AC00143224 /* GuiderGameScene.sks */ = {isa = PBXFileReference; lastKnownFileType = file.sks; path = GuiderGameScene.sks; sourceTree = "<group>"; };
		77E3E3342A44021900143224 /* GuestGuiderModel.swift */ = {isa = PBXFileReference; lastKnownFileType = sourcecode.swift; name = GuestGuiderModel.swift; path = "Co-Space/GuestGuiderModel.swift"; sourceTree = SOURCE_ROOT; };
		CF0DBABC2A4EE0000018BDD6 /* InventoryGameScene.sks */ = {isa = PBXFileReference; lastKnownFileType = file.sks; path = InventoryGameScene.sks; sourceTree = "<group>"; };
		CF2CF9042A53B1AE00377547 /* ResultGameScene.swift */ = {isa = PBXFileReference; lastKnownFileType = sourcecode.swift; path = ResultGameScene.swift; sourceTree = "<group>"; };
		CF2CF9062A53B1C500377547 /* ResultGameScene.sks */ = {isa = PBXFileReference; lastKnownFileType = file.sks; path = ResultGameScene.sks; sourceTree = "<group>"; };
		CF2CF9082A53BE6E00377547 /* ResultView.swift */ = {isa = PBXFileReference; lastKnownFileType = sourcecode.swift; path = ResultView.swift; sourceTree = "<group>"; };
		CF78F2602A4BD19900409E06 /* InventoryGameScene.swift */ = {isa = PBXFileReference; lastKnownFileType = sourcecode.swift; path = InventoryGameScene.swift; sourceTree = "<group>"; };
		CFC5AD1A2A493A840075CAFF /* CleanerGameScene.sks */ = {isa = PBXFileReference; lastKnownFileType = file.sks; name = CleanerGameScene.sks; path = Cleaner/CleanerGameScene.sks; sourceTree = SOURCE_ROOT; };
		CFC5AD1B2A493A840075CAFF /* CleanerGameScene.swift */ = {isa = PBXFileReference; fileEncoding = 4; lastKnownFileType = sourcecode.swift; name = CleanerGameScene.swift; path = Cleaner/CleanerGameScene.swift; sourceTree = SOURCE_ROOT; };
		CFC5AD1C2A493A840075CAFF /* GameViewController.swift */ = {isa = PBXFileReference; fileEncoding = 4; lastKnownFileType = sourcecode.swift; name = GameViewController.swift; path = Cleaner/GameViewController.swift; sourceTree = SOURCE_ROOT; };
/* End PBXFileReference section */

/* Begin PBXFrameworksBuildPhase section */
		77E3E2FD2A414BFE00143224 /* Frameworks */ = {
			isa = PBXFrameworksBuildPhase;
			buildActionMask = 2147483647;
			files = (
				77ACA6A12A57BD3E00C591E7 /* SpriteKit.framework in Frameworks */,
			);
			runOnlyForDeploymentPostprocessing = 0;
		};
/* End PBXFrameworksBuildPhase section */

/* Begin PBXGroup section */
		561429C52A4A6B8900A39D62 /* Roles */ = {
			isa = PBXGroup;
			children = (
				567593C92A4BBD2A00CCE935 /* MainGame+GlobalFunction.swift */,
				561429DF2A4A757300A39D62 /* MainGame+SecurityRole.swift */,
				561429E12A4A7D1E00A39D62 /* MainGame+GuideRole.swift */,
				561429E32A4A7D2E00A39D62 /* MainGame+CleanerRole.swift */,
				561429E52A4A7D3800A39D62 /* MainGame+InventoryRole.swift */,
			);
			path = Roles;
			sourceTree = "<group>";
		};
		561429C62A4A6B9100A39D62 /* Delegates */ = {
			isa = PBXGroup;
			children = (
				561429C92A4A6C3800A39D62 /* MainGame+GKGameCenterViewController.swift */,
				561429CB2A4A6CB700A39D62 /* MainGame+GKLocalPlayerListener.swift */,
				561429CF2A4A6E6C00A39D62 /* MainGame+GKMatchmakerViewControllerDelegate.swift */,
			);
			path = Delegates;
			sourceTree = "<group>";
		};
		561429D32A4A6EB000A39D62 /* Features */ = {
			isa = PBXGroup;
			children = (
				561429D42A4A6ECD00A39D62 /* MainGame+Messages.swift */,
				561429D62A4A6EF800A39D62 /* MainGame+Friends.swift */,
				561429D82A4A6F1300A39D62 /* MainGame+VoiceChat.swift */,
			);
			path = Features;
			sourceTree = "<group>";
		};
		561429DA2A4A70CE00A39D62 /* Data */ = {
			isa = PBXGroup;
			children = (
				561429DB2A4A70E700A39D62 /* MainGame+EncodeData.swift */,
				561429DD2A4A710400A39D62 /* MainGame+DecodeData.swift */,
			);
			path = Data;
			sourceTree = "<group>";
		};
		56A0A7922A4400CA00110908 /* Utils */ = {
			isa = PBXGroup;
			children = (
				561429C72A4A6BAF00A39D62 /* MainGame.swift */,
				561429C52A4A6B8900A39D62 /* Roles */,
				561429DA2A4A70CE00A39D62 /* Data */,
				561429D32A4A6EB000A39D62 /* Features */,
				561429C62A4A6B9100A39D62 /* Delegates */,
			);
			path = Utils;
			sourceTree = "<group>";
		};
		77E3E2F72A414BFE00143224 = {
			isa = PBXGroup;
			children = (
				77D6B4912A49DDBE00BB551F /* starfield.sks */,
				77D6B48E2A49DD8B00BB551F /* ParticleAssets.xcassets */,
				77E3E3022A414BFE00143224 /* Co-Space */,
				77E3E3012A414BFE00143224 /* Products */,
				77E3E32A2A43D50B00143224 /* Frameworks */,
			);
			sourceTree = "<group>";
		};
		77E3E3012A414BFE00143224 /* Products */ = {
			isa = PBXGroup;
			children = (
				77E3E3002A414BFE00143224 /* Co-Space.app */,
			);
			name = Products;
			sourceTree = "<group>";
		};
		77E3E3022A414BFE00143224 /* Co-Space */ = {
			isa = PBXGroup;
			children = (
				77A867382A5FA1BE008FAC72 /* transition-hyper-drive-in.wav */,
				77A8672E2A5F9B1C008FAC72 /* backsound-play-screen.wav */,
				77A867282A5EF0C3008FAC72 /* alien-leave.wav */,
				77A8672A2A5F8561008FAC72 /* earn-coins.wav */,
				77A867262A5EF0B7008FAC72 /* alien-sit.wav */,
				779037DE2A5E933A0038FC31 /* angry-alien.wav */,
				779037DB2A5E90890038FC31 /* low-health.wav */,
				779037DA2A5E90890038FC31 /* low-timer.wav */,
				779037D62A5E8B580038FC31 /* teleport-to-guide.wav */,
				779037D42A5E6EE40038FC31 /* buy-button.wav */,
				779037D22A5E6D9A0038FC31 /* storage-door.wav */,
				770FAB462A5E375E003E81B1 /* backsound.wav */,
				7760AB752A5DA5AC001B84B5 /* swipe-rocket.wav */,
				770FAB422A5DA7F2003E81B1 /* game-over.wav */,
				770FAB432A5DA7F2003E81B1 /* transition-hyper-drive-out.wav */,
				563EFB742A565351005EEA26 /* Info.plist */,
				563EFB772A566BF6005EEA26 /* SpaceGrotesk-Bold.ttf */,
				56A0A7922A4400CA00110908 /* Utils */,
				77E3E32F2A43DB2600143224 /* Co-Space.entitlements */,
				77E3E3292A43D18C00143224 /* Scenes */,
				77E3E3132A41504F00143224 /* Views */,
				77E3E3122A41504500143224 /* ViewModels */,
				77E3E3112A41503D00143224 /* Models */,
				77E3E3032A414BFE00143224 /* Co_SpaceApp.swift */,
				563EFB752A566518005EEA26 /* GameStart.gif */,
				77E3E3072A414BFF00143224 /* Assets.xcassets */,
				77E3E3092A414BFF00143224 /* Preview Content */,
			);
			path = "Co-Space";
			sourceTree = "<group>";
		};
		77E3E3092A414BFF00143224 /* Preview Content */ = {
			isa = PBXGroup;
			children = (
				77E3E30A2A414BFF00143224 /* Preview Assets.xcassets */,
			);
			path = "Preview Content";
			sourceTree = "<group>";
		};
		77E3E3112A41503D00143224 /* Models */ = {
			isa = PBXGroup;
			children = (
				77E3E3342A44021900143224 /* GuestGuiderModel.swift */,
				77937DF82A54465E009770F4 /* SecurityGuestModel.swift */,
			);
			path = Models;
			sourceTree = "<group>";
		};
		77E3E3122A41504500143224 /* ViewModels */ = {
			isa = PBXGroup;
			children = (
				77D6B4932A4BC57F00BB551F /* GuiderGameViewModel.swift */,
				77A8672C2A5F9076008FAC72 /* IngameSoundViewModel.swift */,
				77A867302A5F9F8D008FAC72 /* GameStartViewModel.swift */,
			);
			path = ViewModels;
			sourceTree = "<group>";
		};
		77E3E3132A41504F00143224 /* Views */ = {
			isa = PBXGroup;
			children = (
				77E3E3192A415D8500143224 /* MainmenuView.swift */,
				4AC6AD012A5042C400168957 /* RoleRevealView.swift */,
				56F837A62A550D2C00F8615F /* GameView.swift */,
				77E3E31F2A415DA700143224 /* SecurityView.swift */,
				77E3E31B2A415D9200143224 /* GuiderView.swift */,
				77E3E31D2A415D9B00143224 /* CleanerView.swift */,
				77E3E3172A415D7900143224 /* InventoryView.swift */,
				CF2CF9082A53BE6E00377547 /* ResultView.swift */,
				77A867362A5FA123008FAC72 /* GameStartView.swift */,
			);
			path = Views;
			sourceTree = "<group>";
		};
		77E3E3292A43D18C00143224 /* Scenes */ = {
			isa = PBXGroup;
			children = (
				CFC5AD1A2A493A840075CAFF /* CleanerGameScene.sks */,
				CFC5AD1B2A493A840075CAFF /* CleanerGameScene.swift */,
				77E3E3302A43E5AC00143224 /* GuiderGameScene.sks */,
				77937DF62A544481009770F4 /* GuiderGameScene.swift */,
				CFC5AD1C2A493A840075CAFF /* GameViewController.swift */,
				4AC6ACFD2A50416000168957 /* RoleRevealScene.sks */,
				4AC6ACFF2A50428400168957 /* RoleRevealScene.swift */,
				77D6B4952A4DEA0A00BB551F /* MainMenuGameScene.swift */,
				77D6B4972A4DEA2200BB551F /* MainMenuGameScene.sks */,
				77937DE62A50277B009770F4 /* DumpCodeTest.swift */,
				CF0DBABC2A4EE0000018BDD6 /* InventoryGameScene.sks */,
				CF78F2602A4BD19900409E06 /* InventoryGameScene.swift */,
				4A862D632A46FE6E00AF4E54 /* SecurityGameScene.sks */,
				4A862D612A46FE6E00AF4E54 /* SecurityGameScene.swift */,
				4A862D692A4708ED00AF4E54 /* Starfield.sks */,
				4A862D6A2A4708ED00AF4E54 /* Assets.xcassets */,
				CF2CF9042A53B1AE00377547 /* ResultGameScene.swift */,
				CF2CF9062A53B1C500377547 /* ResultGameScene.sks */,
				77A867322A5FA069008FAC72 /* GameStartGameScene.swift */,
				77A867342A5FA079008FAC72 /* GameStartGameScene.sks */,
			);
			path = Scenes;
			sourceTree = "<group>";
		};
		77E3E32A2A43D50B00143224 /* Frameworks */ = {
			isa = PBXGroup;
			children = (
				77E3E32B2A43D50B00143224 /* SpriteKit.framework */,
			);
			name = Frameworks;
			sourceTree = "<group>";
		};
/* End PBXGroup section */

/* Begin PBXNativeTarget section */
		77E3E2FF2A414BFE00143224 /* Co-Space */ = {
			isa = PBXNativeTarget;
			buildConfigurationList = 77E3E30E2A414BFF00143224 /* Build configuration list for PBXNativeTarget "Co-Space" */;
			buildPhases = (
				77E3E2FC2A414BFE00143224 /* Sources */,
				77E3E2FD2A414BFE00143224 /* Frameworks */,
				77E3E2FE2A414BFE00143224 /* Resources */,
			);
			buildRules = (
			);
			dependencies = (
			);
			name = "Co-Space";
			packageProductDependencies = (
			);
			productName = "Co-Space";
			productReference = 77E3E3002A414BFE00143224 /* Co-Space.app */;
			productType = "com.apple.product-type.application";
		};
/* End PBXNativeTarget section */

/* Begin PBXProject section */
		77E3E2F82A414BFE00143224 /* Project object */ = {
			isa = PBXProject;
			attributes = {
				BuildIndependentTargetsInParallel = 1;
				LastSwiftUpdateCheck = 1430;
				LastUpgradeCheck = 1430;
				TargetAttributes = {
					77E3E2FF2A414BFE00143224 = {
						CreatedOnToolsVersion = 14.3.1;
					};
				};
			};
			buildConfigurationList = 77E3E2FB2A414BFE00143224 /* Build configuration list for PBXProject "Co-Space" */;
			compatibilityVersion = "Xcode 14.0";
			developmentRegion = en;
			hasScannedForEncodings = 0;
			knownRegions = (
				en,
				Base,
			);
			mainGroup = 77E3E2F72A414BFE00143224;
			packageReferences = (
			);
			productRefGroup = 77E3E3012A414BFE00143224 /* Products */;
			projectDirPath = "";
			projectRoot = "";
			targets = (
				77E3E2FF2A414BFE00143224 /* Co-Space */,
			);
		};
/* End PBXProject section */

/* Begin PBXResourcesBuildPhase section */
		77E3E2FE2A414BFE00143224 /* Resources */ = {
			isa = PBXResourcesBuildPhase;
			buildActionMask = 2147483647;
			files = (
				779037D32A5E6D9A0038FC31 /* storage-door.wav in Resources */,
				4A862D672A46FE6E00AF4E54 /* SecurityGameScene.sks in Resources */,
				779037DF2A5E933A0038FC31 /* angry-alien.wav in Resources */,
				779037DC2A5E90890038FC31 /* low-timer.wav in Resources */,
				77A867392A5FA1BE008FAC72 /* transition-hyper-drive-in.wav in Resources */,
				77E3E3312A43E5AC00143224 /* GuiderGameScene.sks in Resources */,
				77A8672F2A5F9B1C008FAC72 /* backsound-play-screen.wav in Resources */,
				CFC5AD1D2A493A840075CAFF /* CleanerGameScene.sks in Resources */,
				4AC6ACFE2A50416000168957 /* RoleRevealScene.sks in Resources */,
				CF2CF9072A53B1C500377547 /* ResultGameScene.sks in Resources */,
				77E3E30B2A414BFF00143224 /* Preview Assets.xcassets in Resources */,
				77D6B4982A4DEA2200BB551F /* MainMenuGameScene.sks in Resources */,
				563EFB762A566518005EEA26 /* GameStart.gif in Resources */,
				4A862D6B2A4708ED00AF4E54 /* Starfield.sks in Resources */,
				77A867272A5EF0B7008FAC72 /* alien-sit.wav in Resources */,
				7760AB762A5DA5AC001B84B5 /* swipe-rocket.wav in Resources */,
				779037DD2A5E90890038FC31 /* low-health.wav in Resources */,
				770FAB442A5DA7F2003E81B1 /* game-over.wav in Resources */,
				77A867352A5FA079008FAC72 /* GameStartGameScene.sks in Resources */,
				770FAB472A5E375E003E81B1 /* backsound.wav in Resources */,
				770FAB452A5DA7F2003E81B1 /* transition-hyper-drive-out.wav in Resources */,
				77A867292A5EF0C3008FAC72 /* alien-leave.wav in Resources */,
				4A862D6C2A4708ED00AF4E54 /* Assets.xcassets in Resources */,
				77E3E3082A414BFF00143224 /* Assets.xcassets in Resources */,
				779037D72A5E8B580038FC31 /* teleport-to-guide.wav in Resources */,
				77D6B4922A49DDBE00BB551F /* starfield.sks in Resources */,
				563EFB782A566BF6005EEA26 /* SpaceGrotesk-Bold.ttf in Resources */,
				77D6B4902A49DD8B00BB551F /* ParticleAssets.xcassets in Resources */,
				779037D52A5E6EE40038FC31 /* buy-button.wav in Resources */,
				77A8672B2A5F8561008FAC72 /* earn-coins.wav in Resources */,
				77D6B4902A49DD8B00BB551F /* ParticleAssets.xcassets in Resources */,
				CF0DBABD2A4EE0000018BDD6 /* InventoryGameScene.sks in Resources */,
			);
			runOnlyForDeploymentPostprocessing = 0;
		};
/* End PBXResourcesBuildPhase section */

/* Begin PBXSourcesBuildPhase section */
		77E3E2FC2A414BFE00143224 /* Sources */ = {
			isa = PBXSourcesBuildPhase;
			buildActionMask = 2147483647;
			files = (
				77E3E3182A415D7900143224 /* InventoryView.swift in Sources */,
				CF78F2612A4BD19900409E06 /* InventoryGameScene.swift in Sources */,
				561429DC2A4A70E700A39D62 /* MainGame+EncodeData.swift in Sources */,
				77A8672D2A5F9076008FAC72 /* IngameSoundViewModel.swift in Sources */,
				567593CA2A4BBD2A00CCE935 /* MainGame+GlobalFunction.swift in Sources */,
				561429CC2A4A6CB700A39D62 /* MainGame+GKLocalPlayerListener.swift in Sources */,
				561429E42A4A7D2E00A39D62 /* MainGame+CleanerRole.swift in Sources */,
				561429D92A4A6F1300A39D62 /* MainGame+VoiceChat.swift in Sources */,
				77937DF92A54465E009770F4 /* SecurityGuestModel.swift in Sources */,
				561429E02A4A757300A39D62 /* MainGame+SecurityRole.swift in Sources */,
				CF2CF9052A53B1AE00377547 /* ResultGameScene.swift in Sources */,
				CF2CF9092A53BE6E00377547 /* ResultView.swift in Sources */,
				561429DE2A4A710400A39D62 /* MainGame+DecodeData.swift in Sources */,
				561429D52A4A6ECD00A39D62 /* MainGame+Messages.swift in Sources */,
				77E3E31A2A415D8500143224 /* MainmenuView.swift in Sources */,
				4AC6AD002A50428400168957 /* RoleRevealScene.swift in Sources */,
				77E3E3202A415DA700143224 /* SecurityView.swift in Sources */,
				CFC5AD1F2A493A840075CAFF /* GameViewController.swift in Sources */,
				561429D72A4A6EF800A39D62 /* MainGame+Friends.swift in Sources */,
				561429C82A4A6BAF00A39D62 /* MainGame.swift in Sources */,
				561429D02A4A6E6C00A39D62 /* MainGame+GKMatchmakerViewControllerDelegate.swift in Sources */,
				561429E22A4A7D1E00A39D62 /* MainGame+GuideRole.swift in Sources */,
				561429CA2A4A6C3800A39D62 /* MainGame+GKGameCenterViewController.swift in Sources */,
				77A867372A5FA123008FAC72 /* GameStartView.swift in Sources */,
				77E3E31C2A415D9200143224 /* GuiderView.swift in Sources */,
				561429E62A4A7D3800A39D62 /* MainGame+InventoryRole.swift in Sources */,
				CFC5AD1E2A493A840075CAFF /* CleanerGameScene.swift in Sources */,
				4A862D652A46FE6E00AF4E54 /* SecurityGameScene.swift in Sources */,
				77A867312A5F9F8D008FAC72 /* GameStartViewModel.swift in Sources */,
				4AC6AD022A5042C400168957 /* RoleRevealView.swift in Sources */,
				77E3E3042A414BFE00143224 /* Co_SpaceApp.swift in Sources */,
				77937DF72A544481009770F4 /* GuiderGameScene.swift in Sources */,
				77E3E31E2A415D9B00143224 /* CleanerView.swift in Sources */,
				77D6B4962A4DEA0A00BB551F /* MainMenuGameScene.swift in Sources */,
				77937DE72A50277B009770F4 /* DumpCodeTest.swift in Sources */,
				56F837A72A550D2C00F8615F /* GameView.swift in Sources */,
				77A867332A5FA069008FAC72 /* GameStartGameScene.swift in Sources */,
				77D6B4942A4BC57F00BB551F /* GuiderGameViewModel.swift in Sources */,
				77E3E3352A44021900143224 /* GuestGuiderModel.swift in Sources */,
			);
			runOnlyForDeploymentPostprocessing = 0;
		};
/* End PBXSourcesBuildPhase section */

/* Begin XCBuildConfiguration section */
		77E3E30C2A414BFF00143224 /* Debug */ = {
			isa = XCBuildConfiguration;
			buildSettings = {
				ALWAYS_SEARCH_USER_PATHS = NO;
				CLANG_ANALYZER_NONNULL = YES;
				CLANG_ANALYZER_NUMBER_OBJECT_CONVERSION = YES_AGGRESSIVE;
				CLANG_CXX_LANGUAGE_STANDARD = "gnu++20";
				CLANG_ENABLE_MODULES = YES;
				CLANG_ENABLE_OBJC_ARC = YES;
				CLANG_ENABLE_OBJC_WEAK = YES;
				CLANG_WARN_BLOCK_CAPTURE_AUTORELEASING = YES;
				CLANG_WARN_BOOL_CONVERSION = YES;
				CLANG_WARN_COMMA = YES;
				CLANG_WARN_CONSTANT_CONVERSION = YES;
				CLANG_WARN_DEPRECATED_OBJC_IMPLEMENTATIONS = YES;
				CLANG_WARN_DIRECT_OBJC_ISA_USAGE = YES_ERROR;
				CLANG_WARN_DOCUMENTATION_COMMENTS = YES;
				CLANG_WARN_EMPTY_BODY = YES;
				CLANG_WARN_ENUM_CONVERSION = YES;
				CLANG_WARN_INFINITE_RECURSION = YES;
				CLANG_WARN_INT_CONVERSION = YES;
				CLANG_WARN_NON_LITERAL_NULL_CONVERSION = YES;
				CLANG_WARN_OBJC_IMPLICIT_RETAIN_SELF = YES;
				CLANG_WARN_OBJC_LITERAL_CONVERSION = YES;
				CLANG_WARN_OBJC_ROOT_CLASS = YES_ERROR;
				CLANG_WARN_QUOTED_INCLUDE_IN_FRAMEWORK_HEADER = YES;
				CLANG_WARN_RANGE_LOOP_ANALYSIS = YES;
				CLANG_WARN_STRICT_PROTOTYPES = YES;
				CLANG_WARN_SUSPICIOUS_MOVE = YES;
				CLANG_WARN_UNGUARDED_AVAILABILITY = YES_AGGRESSIVE;
				CLANG_WARN_UNREACHABLE_CODE = YES;
				CLANG_WARN__DUPLICATE_METHOD_MATCH = YES;
				COPY_PHASE_STRIP = NO;
				DEBUG_INFORMATION_FORMAT = dwarf;
				ENABLE_STRICT_OBJC_MSGSEND = YES;
				ENABLE_TESTABILITY = YES;
				GCC_C_LANGUAGE_STANDARD = gnu11;
				GCC_DYNAMIC_NO_PIC = NO;
				GCC_NO_COMMON_BLOCKS = YES;
				GCC_OPTIMIZATION_LEVEL = 0;
				GCC_PREPROCESSOR_DEFINITIONS = (
					"DEBUG=1",
					"$(inherited)",
				);
				GCC_WARN_64_TO_32_BIT_CONVERSION = YES;
				GCC_WARN_ABOUT_RETURN_TYPE = YES_ERROR;
				GCC_WARN_UNDECLARED_SELECTOR = YES;
				GCC_WARN_UNINITIALIZED_AUTOS = YES_AGGRESSIVE;
				GCC_WARN_UNUSED_FUNCTION = YES;
				GCC_WARN_UNUSED_VARIABLE = YES;
				IPHONEOS_DEPLOYMENT_TARGET = 16.4;
				MTL_ENABLE_DEBUG_INFO = INCLUDE_SOURCE;
				MTL_FAST_MATH = YES;
				ONLY_ACTIVE_ARCH = YES;
				SDKROOT = iphoneos;
				SWIFT_ACTIVE_COMPILATION_CONDITIONS = DEBUG;
				SWIFT_OPTIMIZATION_LEVEL = "-Onone";
			};
			name = Debug;
		};
		77E3E30D2A414BFF00143224 /* Release */ = {
			isa = XCBuildConfiguration;
			buildSettings = {
				ALWAYS_SEARCH_USER_PATHS = NO;
				CLANG_ANALYZER_NONNULL = YES;
				CLANG_ANALYZER_NUMBER_OBJECT_CONVERSION = YES_AGGRESSIVE;
				CLANG_CXX_LANGUAGE_STANDARD = "gnu++20";
				CLANG_ENABLE_MODULES = YES;
				CLANG_ENABLE_OBJC_ARC = YES;
				CLANG_ENABLE_OBJC_WEAK = YES;
				CLANG_WARN_BLOCK_CAPTURE_AUTORELEASING = YES;
				CLANG_WARN_BOOL_CONVERSION = YES;
				CLANG_WARN_COMMA = YES;
				CLANG_WARN_CONSTANT_CONVERSION = YES;
				CLANG_WARN_DEPRECATED_OBJC_IMPLEMENTATIONS = YES;
				CLANG_WARN_DIRECT_OBJC_ISA_USAGE = YES_ERROR;
				CLANG_WARN_DOCUMENTATION_COMMENTS = YES;
				CLANG_WARN_EMPTY_BODY = YES;
				CLANG_WARN_ENUM_CONVERSION = YES;
				CLANG_WARN_INFINITE_RECURSION = YES;
				CLANG_WARN_INT_CONVERSION = YES;
				CLANG_WARN_NON_LITERAL_NULL_CONVERSION = YES;
				CLANG_WARN_OBJC_IMPLICIT_RETAIN_SELF = YES;
				CLANG_WARN_OBJC_LITERAL_CONVERSION = YES;
				CLANG_WARN_OBJC_ROOT_CLASS = YES_ERROR;
				CLANG_WARN_QUOTED_INCLUDE_IN_FRAMEWORK_HEADER = YES;
				CLANG_WARN_RANGE_LOOP_ANALYSIS = YES;
				CLANG_WARN_STRICT_PROTOTYPES = YES;
				CLANG_WARN_SUSPICIOUS_MOVE = YES;
				CLANG_WARN_UNGUARDED_AVAILABILITY = YES_AGGRESSIVE;
				CLANG_WARN_UNREACHABLE_CODE = YES;
				CLANG_WARN__DUPLICATE_METHOD_MATCH = YES;
				COPY_PHASE_STRIP = NO;
				DEBUG_INFORMATION_FORMAT = "dwarf-with-dsym";
				ENABLE_NS_ASSERTIONS = NO;
				ENABLE_STRICT_OBJC_MSGSEND = YES;
				GCC_C_LANGUAGE_STANDARD = gnu11;
				GCC_NO_COMMON_BLOCKS = YES;
				GCC_WARN_64_TO_32_BIT_CONVERSION = YES;
				GCC_WARN_ABOUT_RETURN_TYPE = YES_ERROR;
				GCC_WARN_UNDECLARED_SELECTOR = YES;
				GCC_WARN_UNINITIALIZED_AUTOS = YES_AGGRESSIVE;
				GCC_WARN_UNUSED_FUNCTION = YES;
				GCC_WARN_UNUSED_VARIABLE = YES;
				IPHONEOS_DEPLOYMENT_TARGET = 16.4;
				MTL_ENABLE_DEBUG_INFO = NO;
				MTL_FAST_MATH = YES;
				SDKROOT = iphoneos;
				SWIFT_COMPILATION_MODE = wholemodule;
				SWIFT_OPTIMIZATION_LEVEL = "-O";
				VALIDATE_PRODUCT = YES;
			};
			name = Release;
		};
		77E3E30F2A414BFF00143224 /* Debug */ = {
			isa = XCBuildConfiguration;
			buildSettings = {
				ASSETCATALOG_COMPILER_APPICON_NAME = AppIcon;
				ASSETCATALOG_COMPILER_GLOBAL_ACCENT_COLOR_NAME = AccentColor;
				CODE_SIGN_ENTITLEMENTS = "Co-Space/Co-Space.entitlements";
				CODE_SIGN_STYLE = Automatic;
				CURRENT_PROJECT_VERSION = 1;
				DEVELOPMENT_ASSET_PATHS = "\"Co-Space/Preview Content\"";
				DEVELOPMENT_TEAM = DYXBWDG6F4;
				ENABLE_PREVIEWS = YES;
				GENERATE_INFOPLIST_FILE = YES;
				INFOPLIST_FILE = "Co-Space/Info.plist";
				INFOPLIST_KEY_UIApplicationSceneManifest_Generation = YES;
				INFOPLIST_KEY_UIApplicationSupportsIndirectInputEvents = YES;
				INFOPLIST_KEY_UILaunchScreen_Generation = YES;
				INFOPLIST_KEY_UISupportedInterfaceOrientations = "UIInterfaceOrientationLandscapeLeft UIInterfaceOrientationLandscapeRight UIInterfaceOrientationPortraitUpsideDown";
				INFOPLIST_KEY_UISupportedInterfaceOrientations_iPad = "UIInterfaceOrientationLandscapeLeft UIInterfaceOrientationLandscapeRight UIInterfaceOrientationPortrait UIInterfaceOrientationPortraitUpsideDown";
				IPHONEOS_DEPLOYMENT_TARGET = 16.0;
				LD_RUNPATH_SEARCH_PATHS = (
					"$(inherited)",
					"@executable_path/Frameworks",
				);
				MARKETING_VERSION = 1.0;
				PRODUCT_BUNDLE_IDENTIFIER = "com.example.apple.Co-Space";
				PRODUCT_NAME = "$(TARGET_NAME)";
				SWIFT_EMIT_LOC_STRINGS = YES;
				SWIFT_VERSION = 5.0;
				TARGETED_DEVICE_FAMILY = "1,2";
			};
			name = Debug;
		};
		77E3E3102A414BFF00143224 /* Release */ = {
			isa = XCBuildConfiguration;
			buildSettings = {
				ASSETCATALOG_COMPILER_APPICON_NAME = AppIcon;
				ASSETCATALOG_COMPILER_GLOBAL_ACCENT_COLOR_NAME = AccentColor;
				CODE_SIGN_ENTITLEMENTS = "Co-Space/Co-Space.entitlements";
				CODE_SIGN_STYLE = Automatic;
				CURRENT_PROJECT_VERSION = 1;
				DEVELOPMENT_ASSET_PATHS = "\"Co-Space/Preview Content\"";
				DEVELOPMENT_TEAM = DYXBWDG6F4;
				ENABLE_PREVIEWS = YES;
				GENERATE_INFOPLIST_FILE = YES;
				INFOPLIST_FILE = "Co-Space/Info.plist";
				INFOPLIST_KEY_UIApplicationSceneManifest_Generation = YES;
				INFOPLIST_KEY_UIApplicationSupportsIndirectInputEvents = YES;
				INFOPLIST_KEY_UILaunchScreen_Generation = YES;
				INFOPLIST_KEY_UISupportedInterfaceOrientations = "UIInterfaceOrientationLandscapeLeft UIInterfaceOrientationLandscapeRight UIInterfaceOrientationPortraitUpsideDown";
				INFOPLIST_KEY_UISupportedInterfaceOrientations_iPad = "UIInterfaceOrientationLandscapeLeft UIInterfaceOrientationLandscapeRight UIInterfaceOrientationPortrait UIInterfaceOrientationPortraitUpsideDown";
				IPHONEOS_DEPLOYMENT_TARGET = 16.0;
				LD_RUNPATH_SEARCH_PATHS = (
					"$(inherited)",
					"@executable_path/Frameworks",
				);
				MARKETING_VERSION = 1.0;
				PRODUCT_BUNDLE_IDENTIFIER = "com.example.apple.Co-Space";
				PRODUCT_NAME = "$(TARGET_NAME)";
				SWIFT_EMIT_LOC_STRINGS = YES;
				SWIFT_VERSION = 5.0;
				TARGETED_DEVICE_FAMILY = "1,2";
			};
			name = Release;
		};
/* End XCBuildConfiguration section */

/* Begin XCConfigurationList section */
		77E3E2FB2A414BFE00143224 /* Build configuration list for PBXProject "Co-Space" */ = {
			isa = XCConfigurationList;
			buildConfigurations = (
				77E3E30C2A414BFF00143224 /* Debug */,
				77E3E30D2A414BFF00143224 /* Release */,
			);
			defaultConfigurationIsVisible = 0;
			defaultConfigurationName = Release;
		};
		77E3E30E2A414BFF00143224 /* Build configuration list for PBXNativeTarget "Co-Space" */ = {
			isa = XCConfigurationList;
			buildConfigurations = (
				77E3E30F2A414BFF00143224 /* Debug */,
				77E3E3102A414BFF00143224 /* Release */,
			);
			defaultConfigurationIsVisible = 0;
			defaultConfigurationName = Release;
		};
/* End XCConfigurationList section */
	};
	rootObject = 77E3E2F82A414BFE00143224 /* Project object */;
}
