// !$*UTF8*$!
{
	archiveVersion = 1;
	classes = {
	};
	objectVersion = 56;
	objects = {

/* Begin PBXBuildFile section */
		77E3E3042A414BFE00143224 /* Co_SpaceApp.swift in Sources */ = {isa = PBXBuildFile; fileRef = 77E3E3032A414BFE00143224 /* Co_SpaceApp.swift */; };
		77E3E3062A414BFE00143224 /* ContentView.swift in Sources */ = {isa = PBXBuildFile; fileRef = 77E3E3052A414BFE00143224 /* ContentView.swift */; };
		77E3E3082A414BFF00143224 /* Assets.xcassets in Resources */ = {isa = PBXBuildFile; fileRef = 77E3E3072A414BFF00143224 /* Assets.xcassets */; };
		77E3E30B2A414BFF00143224 /* Preview Assets.xcassets in Resources */ = {isa = PBXBuildFile; fileRef = 77E3E30A2A414BFF00143224 /* Preview Assets.xcassets */; };
		77E3E3182A415D7900143224 /* InventoryView.swift in Sources */ = {isa = PBXBuildFile; fileRef = 77E3E3172A415D7900143224 /* InventoryView.swift */; };
		77E3E31A2A415D8500143224 /* MainmenuView.swift in Sources */ = {isa = PBXBuildFile; fileRef = 77E3E3192A415D8500143224 /* MainmenuView.swift */; };
		77E3E31C2A415D9200143224 /* GuiderView.swift in Sources */ = {isa = PBXBuildFile; fileRef = 77E3E31B2A415D9200143224 /* GuiderView.swift */; };
		77E3E31E2A415D9B00143224 /* CleanerView.swift in Sources */ = {isa = PBXBuildFile; fileRef = 77E3E31D2A415D9B00143224 /* CleanerView.swift */; };
		77E3E3202A415DA700143224 /* SecurityView.swift in Sources */ = {isa = PBXBuildFile; fileRef = 77E3E31F2A415DA700143224 /* SecurityView.swift */; };
		77E3E3222A415DB200143224 /* GameRoomView.swift in Sources */ = {isa = PBXBuildFile; fileRef = 77E3E3212A415DB200143224 /* GameRoomView.swift */; };
		77E3E32C2A43D50B00143224 /* SpriteKit.framework in Frameworks */ = {isa = PBXBuildFile; fileRef = 77E3E32B2A43D50B00143224 /* SpriteKit.framework */; };
		77E3E32E2A43D78D00143224 /* GuiderGameScene.swift in Sources */ = {isa = PBXBuildFile; fileRef = 77E3E32D2A43D78D00143224 /* GuiderGameScene.swift */; };
		77E3E3312A43E5AC00143224 /* GuiderGameScene.sks in Resources */ = {isa = PBXBuildFile; fileRef = 77E3E3302A43E5AC00143224 /* GuiderGameScene.sks */; };
		CF2CF9052A53B1AE00377547 /* ResultGameScene.swift in Sources */ = {isa = PBXBuildFile; fileRef = CF2CF9042A53B1AE00377547 /* ResultGameScene.swift */; };
		CF2CF9072A53B1C500377547 /* ResultGameScene.sks in Resources */ = {isa = PBXBuildFile; fileRef = CF2CF9062A53B1C500377547 /* ResultGameScene.sks */; };
		CF2CF9092A53BE6E00377547 /* ResultView.swift in Sources */ = {isa = PBXBuildFile; fileRef = CF2CF9082A53BE6E00377547 /* ResultView.swift */; };
/* End PBXBuildFile section */

/* Begin PBXFileReference section */
		77E3E3002A414BFE00143224 /* Co-Space.app */ = {isa = PBXFileReference; explicitFileType = wrapper.application; includeInIndex = 0; path = "Co-Space.app"; sourceTree = BUILT_PRODUCTS_DIR; };
		77E3E3032A414BFE00143224 /* Co_SpaceApp.swift */ = {isa = PBXFileReference; lastKnownFileType = sourcecode.swift; path = Co_SpaceApp.swift; sourceTree = "<group>"; };
		77E3E3052A414BFE00143224 /* ContentView.swift */ = {isa = PBXFileReference; lastKnownFileType = sourcecode.swift; path = ContentView.swift; sourceTree = "<group>"; };
		77E3E3072A414BFF00143224 /* Assets.xcassets */ = {isa = PBXFileReference; lastKnownFileType = folder.assetcatalog; path = Assets.xcassets; sourceTree = "<group>"; };
		77E3E30A2A414BFF00143224 /* Preview Assets.xcassets */ = {isa = PBXFileReference; lastKnownFileType = folder.assetcatalog; path = "Preview Assets.xcassets"; sourceTree = "<group>"; };
		77E3E3172A415D7900143224 /* InventoryView.swift */ = {isa = PBXFileReference; lastKnownFileType = sourcecode.swift; path = InventoryView.swift; sourceTree = "<group>"; };
		77E3E3192A415D8500143224 /* MainmenuView.swift */ = {isa = PBXFileReference; lastKnownFileType = sourcecode.swift; path = MainmenuView.swift; sourceTree = "<group>"; };
		77E3E31B2A415D9200143224 /* GuiderView.swift */ = {isa = PBXFileReference; lastKnownFileType = sourcecode.swift; path = GuiderView.swift; sourceTree = "<group>"; };
		77E3E31D2A415D9B00143224 /* CleanerView.swift */ = {isa = PBXFileReference; lastKnownFileType = sourcecode.swift; path = CleanerView.swift; sourceTree = "<group>"; };
		77E3E31F2A415DA700143224 /* SecurityView.swift */ = {isa = PBXFileReference; lastKnownFileType = sourcecode.swift; path = SecurityView.swift; sourceTree = "<group>"; };
		77E3E3212A415DB200143224 /* GameRoomView.swift */ = {isa = PBXFileReference; lastKnownFileType = sourcecode.swift; path = GameRoomView.swift; sourceTree = "<group>"; };
		77E3E32B2A43D50B00143224 /* SpriteKit.framework */ = {isa = PBXFileReference; lastKnownFileType = wrapper.framework; name = SpriteKit.framework; path = System/Library/Frameworks/SpriteKit.framework; sourceTree = SDKROOT; };
		77E3E32D2A43D78D00143224 /* GuiderGameScene.swift */ = {isa = PBXFileReference; lastKnownFileType = sourcecode.swift; path = GuiderGameScene.swift; sourceTree = "<group>"; };
		77E3E32F2A43DB2600143224 /* Co-Space.entitlements */ = {isa = PBXFileReference; lastKnownFileType = text.plist.entitlements; path = "Co-Space.entitlements"; sourceTree = "<group>"; };
		77E3E3302A43E5AC00143224 /* GuiderGameScene.sks */ = {isa = PBXFileReference; lastKnownFileType = file.sks; path = GuiderGameScene.sks; sourceTree = "<group>"; };
		CF2CF9042A53B1AE00377547 /* ResultGameScene.swift */ = {isa = PBXFileReference; lastKnownFileType = sourcecode.swift; path = ResultGameScene.swift; sourceTree = "<group>"; };
		CF2CF9062A53B1C500377547 /* ResultGameScene.sks */ = {isa = PBXFileReference; lastKnownFileType = file.sks; path = ResultGameScene.sks; sourceTree = "<group>"; };
		CF2CF9082A53BE6E00377547 /* ResultView.swift */ = {isa = PBXFileReference; lastKnownFileType = sourcecode.swift; path = ResultView.swift; sourceTree = "<group>"; };
/* End PBXFileReference section */

/* Begin PBXFrameworksBuildPhase section */
		77E3E2FD2A414BFE00143224 /* Frameworks */ = {
			isa = PBXFrameworksBuildPhase;
			buildActionMask = 2147483647;
			files = (
				77E3E32C2A43D50B00143224 /* SpriteKit.framework in Frameworks */,
			);
			runOnlyForDeploymentPostprocessing = 0;
		};
/* End PBXFrameworksBuildPhase section */

/* Begin PBXGroup section */
		77E3E2F72A414BFE00143224 = {
			isa = PBXGroup;
			children = (
				77E3E3022A414BFE00143224 /* Co-Space */,
				77E3E3012A414BFE00143224 /* Products */,
				77E3E32A2A43D50B00143224 /* Frameworks */,
			);
			sourceTree = "<group>";
		};
		77E3E3012A414BFE00143224 /* Products */ = {
			isa = PBXGroup;
			children = (
				77E3E3002A414BFE00143224 /* Co-Space.app */,
			);
			name = Products;
			sourceTree = "<group>";
		};
		77E3E3022A414BFE00143224 /* Co-Space */ = {
			isa = PBXGroup;
			children = (
				77E3E32F2A43DB2600143224 /* Co-Space.entitlements */,
				77E3E3292A43D18C00143224 /* Scenes */,
				77E3E3142A41506200143224 /* Components */,
				77E3E3132A41504F00143224 /* Views */,
				77E3E3122A41504500143224 /* ViewModels */,
				77E3E3112A41503D00143224 /* Models */,
				77E3E3032A414BFE00143224 /* Co_SpaceApp.swift */,
				77E3E3052A414BFE00143224 /* ContentView.swift */,
				77E3E3072A414BFF00143224 /* Assets.xcassets */,
				77E3E3092A414BFF00143224 /* Preview Content */,
			);
			path = "Co-Space";
			sourceTree = "<group>";
		};
		77E3E3092A414BFF00143224 /* Preview Content */ = {
			isa = PBXGroup;
			children = (
				77E3E30A2A414BFF00143224 /* Preview Assets.xcassets */,
			);
			path = "Preview Content";
			sourceTree = "<group>";
		};
		77E3E3112A41503D00143224 /* Models */ = {
			isa = PBXGroup;
			children = (
			);
			path = Models;
			sourceTree = "<group>";
		};
		77E3E3122A41504500143224 /* ViewModels */ = {
			isa = PBXGroup;
			children = (
			);
			path = ViewModels;
			sourceTree = "<group>";
		};
		77E3E3132A41504F00143224 /* Views */ = {
			isa = PBXGroup;
			children = (
				77E3E3172A415D7900143224 /* InventoryView.swift */,
				77E3E3192A415D8500143224 /* MainmenuView.swift */,
				77E3E31B2A415D9200143224 /* GuiderView.swift */,
				77E3E31D2A415D9B00143224 /* CleanerView.swift */,
				77E3E31F2A415DA700143224 /* SecurityView.swift */,
				77E3E3212A415DB200143224 /* GameRoomView.swift */,
				CF2CF9082A53BE6E00377547 /* ResultView.swift */,
			);
			path = Views;
			sourceTree = "<group>";
		};
		77E3E3142A41506200143224 /* Components */ = {
			isa = PBXGroup;
			children = (
			);
			path = Components;
			sourceTree = "<group>";
		};
		77E3E3292A43D18C00143224 /* Scenes */ = {
			isa = PBXGroup;
			children = (
				77E3E32D2A43D78D00143224 /* GuiderGameScene.swift */,
				77E3E3302A43E5AC00143224 /* GuiderGameScene.sks */,
				CF2CF9042A53B1AE00377547 /* ResultGameScene.swift */,
				CF2CF9062A53B1C500377547 /* ResultGameScene.sks */,
			);
			path = Scenes;
			sourceTree = "<group>";
		};
		77E3E32A2A43D50B00143224 /* Frameworks */ = {
			isa = PBXGroup;
			children = (
				77E3E32B2A43D50B00143224 /* SpriteKit.framework */,
			);
			name = Frameworks;
			sourceTree = "<group>";
		};
/* End PBXGroup section */

/* Begin PBXNativeTarget section */
		77E3E2FF2A414BFE00143224 /* Co-Space */ = {
			isa = PBXNativeTarget;
			buildConfigurationList = 77E3E30E2A414BFF00143224 /* Build configuration list for PBXNativeTarget "Co-Space" */;
			buildPhases = (
				77E3E2FC2A414BFE00143224 /* Sources */,
				77E3E2FD2A414BFE00143224 /* Frameworks */,
				77E3E2FE2A414BFE00143224 /* Resources */,
			);
			buildRules = (
			);
			dependencies = (
			);
			name = "Co-Space";
			productName = "Co-Space";
			productReference = 77E3E3002A414BFE00143224 /* Co-Space.app */;
			productType = "com.apple.product-type.application";
		};
/* End PBXNativeTarget section */

/* Begin PBXProject section */
		77E3E2F82A414BFE00143224 /* Project object */ = {
			isa = PBXProject;
			attributes = {
				BuildIndependentTargetsInParallel = 1;
				LastSwiftUpdateCheck = 1430;
				LastUpgradeCheck = 1430;
				TargetAttributes = {
					77E3E2FF2A414BFE00143224 = {
						CreatedOnToolsVersion = 14.3.1;
					};
				};
			};
			buildConfigurationList = 77E3E2FB2A414BFE00143224 /* Build configuration list for PBXProject "Co-Space" */;
			compatibilityVersion = "Xcode 14.0";
			developmentRegion = en;
			hasScannedForEncodings = 0;
			knownRegions = (
				en,
				Base,
			);
			mainGroup = 77E3E2F72A414BFE00143224;
			productRefGroup = 77E3E3012A414BFE00143224 /* Products */;
			projectDirPath = "";
			projectRoot = "";
			targets = (
				77E3E2FF2A414BFE00143224 /* Co-Space */,
			);
		};
/* End PBXProject section */

/* Begin PBXResourcesBuildPhase section */
		77E3E2FE2A414BFE00143224 /* Resources */ = {
			isa = PBXResourcesBuildPhase;
			buildActionMask = 2147483647;
			files = (
				77E3E3312A43E5AC00143224 /* GuiderGameScene.sks in Resources */,
				CF2CF9072A53B1C500377547 /* ResultGameScene.sks in Resources */,
				77E3E30B2A414BFF00143224 /* Preview Assets.xcassets in Resources */,
				77E3E3082A414BFF00143224 /* Assets.xcassets in Resources */,
			);
			runOnlyForDeploymentPostprocessing = 0;
		};
/* End PBXResourcesBuildPhase section */

/* Begin PBXSourcesBuildPhase section */
		77E3E2FC2A414BFE00143224 /* Sources */ = {
			isa = PBXSourcesBuildPhase;
			buildActionMask = 2147483647;
			files = (
				77E3E3182A415D7900143224 /* InventoryView.swift in Sources */,
				CF2CF9052A53B1AE00377547 /* ResultGameScene.swift in Sources */,
				CF2CF9092A53BE6E00377547 /* ResultView.swift in Sources */,
				77E3E3062A414BFE00143224 /* ContentView.swift in Sources */,
				77E3E31A2A415D8500143224 /* MainmenuView.swift in Sources */,
				77E3E3202A415DA700143224 /* SecurityView.swift in Sources */,
				77E3E31C2A415D9200143224 /* GuiderView.swift in Sources */,
				77E3E32E2A43D78D00143224 /* GuiderGameScene.swift in Sources */,
				77E3E3042A414BFE00143224 /* Co_SpaceApp.swift in Sources */,
				77E3E31E2A415D9B00143224 /* CleanerView.swift in Sources */,
				77E3E3222A415DB200143224 /* GameRoomView.swift in Sources */,
			);
			runOnlyForDeploymentPostprocessing = 0;
		};
/* End PBXSourcesBuildPhase section */

/* Begin XCBuildConfiguration section */
		77E3E30C2A414BFF00143224 /* Debug */ = {
			isa = XCBuildConfiguration;
			buildSettings = {
				ALWAYS_SEARCH_USER_PATHS = NO;
				CLANG_ANALYZER_NONNULL = YES;
				CLANG_ANALYZER_NUMBER_OBJECT_CONVERSION = YES_AGGRESSIVE;
				CLANG_CXX_LANGUAGE_STANDARD = "gnu++20";
				CLANG_ENABLE_MODULES = YES;
				CLANG_ENABLE_OBJC_ARC = YES;
				CLANG_ENABLE_OBJC_WEAK = YES;
				CLANG_WARN_BLOCK_CAPTURE_AUTORELEASING = YES;
				CLANG_WARN_BOOL_CONVERSION = YES;
				CLANG_WARN_COMMA = YES;
				CLANG_WARN_CONSTANT_CONVERSION = YES;
				CLANG_WARN_DEPRECATED_OBJC_IMPLEMENTATIONS = YES;
				CLANG_WARN_DIRECT_OBJC_ISA_USAGE = YES_ERROR;
				CLANG_WARN_DOCUMENTATION_COMMENTS = YES;
				CLANG_WARN_EMPTY_BODY = YES;
				CLANG_WARN_ENUM_CONVERSION = YES;
				CLANG_WARN_INFINITE_RECURSION = YES;
				CLANG_WARN_INT_CONVERSION = YES;
				CLANG_WARN_NON_LITERAL_NULL_CONVERSION = YES;
				CLANG_WARN_OBJC_IMPLICIT_RETAIN_SELF = YES;
				CLANG_WARN_OBJC_LITERAL_CONVERSION = YES;
				CLANG_WARN_OBJC_ROOT_CLASS = YES_ERROR;
				CLANG_WARN_QUOTED_INCLUDE_IN_FRAMEWORK_HEADER = YES;
				CLANG_WARN_RANGE_LOOP_ANALYSIS = YES;
				CLANG_WARN_STRICT_PROTOTYPES = YES;
				CLANG_WARN_SUSPICIOUS_MOVE = YES;
				CLANG_WARN_UNGUARDED_AVAILABILITY = YES_AGGRESSIVE;
				CLANG_WARN_UNREACHABLE_CODE = YES;
				CLANG_WARN__DUPLICATE_METHOD_MATCH = YES;
				COPY_PHASE_STRIP = NO;
				DEBUG_INFORMATION_FORMAT = dwarf;
				ENABLE_STRICT_OBJC_MSGSEND = YES;
				ENABLE_TESTABILITY = YES;
				GCC_C_LANGUAGE_STANDARD = gnu11;
				GCC_DYNAMIC_NO_PIC = NO;
				GCC_NO_COMMON_BLOCKS = YES;
				GCC_OPTIMIZATION_LEVEL = 0;
				GCC_PREPROCESSOR_DEFINITIONS = (
					"DEBUG=1",
					"$(inherited)",
				);
				GCC_WARN_64_TO_32_BIT_CONVERSION = YES;
				GCC_WARN_ABOUT_RETURN_TYPE = YES_ERROR;
				GCC_WARN_UNDECLARED_SELECTOR = YES;
				GCC_WARN_UNINITIALIZED_AUTOS = YES_AGGRESSIVE;
				GCC_WARN_UNUSED_FUNCTION = YES;
				GCC_WARN_UNUSED_VARIABLE = YES;
				IPHONEOS_DEPLOYMENT_TARGET = 16.4;
				MTL_ENABLE_DEBUG_INFO = INCLUDE_SOURCE;
				MTL_FAST_MATH = YES;
				ONLY_ACTIVE_ARCH = YES;
				SDKROOT = iphoneos;
				SWIFT_ACTIVE_COMPILATION_CONDITIONS = DEBUG;
				SWIFT_OPTIMIZATION_LEVEL = "-Onone";
			};
			name = Debug;
		};
		77E3E30D2A414BFF00143224 /* Release */ = {
			isa = XCBuildConfiguration;
			buildSettings = {
				ALWAYS_SEARCH_USER_PATHS = NO;
				CLANG_ANALYZER_NONNULL = YES;
				CLANG_ANALYZER_NUMBER_OBJECT_CONVERSION = YES_AGGRESSIVE;
				CLANG_CXX_LANGUAGE_STANDARD = "gnu++20";
				CLANG_ENABLE_MODULES = YES;
				CLANG_ENABLE_OBJC_ARC = YES;
				CLANG_ENABLE_OBJC_WEAK = YES;
				CLANG_WARN_BLOCK_CAPTURE_AUTORELEASING = YES;
				CLANG_WARN_BOOL_CONVERSION = YES;
				CLANG_WARN_COMMA = YES;
				CLANG_WARN_CONSTANT_CONVERSION = YES;
				CLANG_WARN_DEPRECATED_OBJC_IMPLEMENTATIONS = YES;
				CLANG_WARN_DIRECT_OBJC_ISA_USAGE = YES_ERROR;
				CLANG_WARN_DOCUMENTATION_COMMENTS = YES;
				CLANG_WARN_EMPTY_BODY = YES;
				CLANG_WARN_ENUM_CONVERSION = YES;
				CLANG_WARN_INFINITE_RECURSION = YES;
				CLANG_WARN_INT_CONVERSION = YES;
				CLANG_WARN_NON_LITERAL_NULL_CONVERSION = YES;
				CLANG_WARN_OBJC_IMPLICIT_RETAIN_SELF = YES;
				CLANG_WARN_OBJC_LITERAL_CONVERSION = YES;
				CLANG_WARN_OBJC_ROOT_CLASS = YES_ERROR;
				CLANG_WARN_QUOTED_INCLUDE_IN_FRAMEWORK_HEADER = YES;
				CLANG_WARN_RANGE_LOOP_ANALYSIS = YES;
				CLANG_WARN_STRICT_PROTOTYPES = YES;
				CLANG_WARN_SUSPICIOUS_MOVE = YES;
				CLANG_WARN_UNGUARDED_AVAILABILITY = YES_AGGRESSIVE;
				CLANG_WARN_UNREACHABLE_CODE = YES;
				CLANG_WARN__DUPLICATE_METHOD_MATCH = YES;
				COPY_PHASE_STRIP = NO;
				DEBUG_INFORMATION_FORMAT = "dwarf-with-dsym";
				ENABLE_NS_ASSERTIONS = NO;
				ENABLE_STRICT_OBJC_MSGSEND = YES;
				GCC_C_LANGUAGE_STANDARD = gnu11;
				GCC_NO_COMMON_BLOCKS = YES;
				GCC_WARN_64_TO_32_BIT_CONVERSION = YES;
				GCC_WARN_ABOUT_RETURN_TYPE = YES_ERROR;
				GCC_WARN_UNDECLARED_SELECTOR = YES;
				GCC_WARN_UNINITIALIZED_AUTOS = YES_AGGRESSIVE;
				GCC_WARN_UNUSED_FUNCTION = YES;
				GCC_WARN_UNUSED_VARIABLE = YES;
				IPHONEOS_DEPLOYMENT_TARGET = 16.4;
				MTL_ENABLE_DEBUG_INFO = NO;
				MTL_FAST_MATH = YES;
				SDKROOT = iphoneos;
				SWIFT_COMPILATION_MODE = wholemodule;
				SWIFT_OPTIMIZATION_LEVEL = "-O";
				VALIDATE_PRODUCT = YES;
			};
			name = Release;
		};
		77E3E30F2A414BFF00143224 /* Debug */ = {
			isa = XCBuildConfiguration;
			buildSettings = {
				ASSETCATALOG_COMPILER_APPICON_NAME = AppIcon;
				ASSETCATALOG_COMPILER_GLOBAL_ACCENT_COLOR_NAME = AccentColor;
				CODE_SIGN_ENTITLEMENTS = "Co-Space/Co-Space.entitlements";
				CODE_SIGN_STYLE = Automatic;
				CURRENT_PROJECT_VERSION = 1;
				DEVELOPMENT_ASSET_PATHS = "\"Co-Space/Preview Content\"";
				DEVELOPMENT_TEAM = 3Y46Y6N99L;
				ENABLE_PREVIEWS = YES;
				GENERATE_INFOPLIST_FILE = YES;
				INFOPLIST_KEY_UIApplicationSceneManifest_Generation = YES;
				INFOPLIST_KEY_UIApplicationSupportsIndirectInputEvents = YES;
				INFOPLIST_KEY_UILaunchScreen_Generation = YES;
				INFOPLIST_KEY_UISupportedInterfaceOrientations = "UIInterfaceOrientationLandscapeLeft UIInterfaceOrientationLandscapeRight";
				INFOPLIST_KEY_UISupportedInterfaceOrientations_iPad = "UIInterfaceOrientationLandscapeLeft UIInterfaceOrientationLandscapeRight UIInterfaceOrientationPortraitUpsideDown";
				LD_RUNPATH_SEARCH_PATHS = (
					"$(inherited)",
					"@executable_path/Frameworks",
				);
				MARKETING_VERSION = 1.0;
				PRODUCT_BUNDLE_IDENTIFIER = "com.example.apple.Co-Space";
				PRODUCT_NAME = "$(TARGET_NAME)";
				SWIFT_EMIT_LOC_STRINGS = YES;
				SWIFT_VERSION = 5.0;
				TARGETED_DEVICE_FAMILY = "1,2";
			};
			name = Debug;
		};
		77E3E3102A414BFF00143224 /* Release */ = {
			isa = XCBuildConfiguration;
			buildSettings = {
				ASSETCATALOG_COMPILER_APPICON_NAME = AppIcon;
				ASSETCATALOG_COMPILER_GLOBAL_ACCENT_COLOR_NAME = AccentColor;
				CODE_SIGN_ENTITLEMENTS = "Co-Space/Co-Space.entitlements";
				CODE_SIGN_STYLE = Automatic;
				CURRENT_PROJECT_VERSION = 1;
				DEVELOPMENT_ASSET_PATHS = "\"Co-Space/Preview Content\"";
				DEVELOPMENT_TEAM = 3Y46Y6N99L;
				ENABLE_PREVIEWS = YES;
				GENERATE_INFOPLIST_FILE = YES;
				INFOPLIST_KEY_UIApplicationSceneManifest_Generation = YES;
				INFOPLIST_KEY_UIApplicationSupportsIndirectInputEvents = YES;
				INFOPLIST_KEY_UILaunchScreen_Generation = YES;
				INFOPLIST_KEY_UISupportedInterfaceOrientations = "UIInterfaceOrientationLandscapeLeft UIInterfaceOrientationLandscapeRight";
				INFOPLIST_KEY_UISupportedInterfaceOrientations_iPad = "UIInterfaceOrientationLandscapeLeft UIInterfaceOrientationLandscapeRight UIInterfaceOrientationPortraitUpsideDown";
				LD_RUNPATH_SEARCH_PATHS = (
					"$(inherited)",
					"@executable_path/Frameworks",
				);
				MARKETING_VERSION = 1.0;
				PRODUCT_BUNDLE_IDENTIFIER = "com.example.apple.Co-Space";
				PRODUCT_NAME = "$(TARGET_NAME)";
				SWIFT_EMIT_LOC_STRINGS = YES;
				SWIFT_VERSION = 5.0;
				TARGETED_DEVICE_FAMILY = "1,2";
			};
			name = Release;
		};
/* End XCBuildConfiguration section */

/* Begin XCConfigurationList section */
		77E3E2FB2A414BFE00143224 /* Build configuration list for PBXProject "Co-Space" */ = {
			isa = XCConfigurationList;
			buildConfigurations = (
				77E3E30C2A414BFF00143224 /* Debug */,
				77E3E30D2A414BFF00143224 /* Release */,
			);
			defaultConfigurationIsVisible = 0;
			defaultConfigurationName = Release;
		};
		77E3E30E2A414BFF00143224 /* Build configuration list for PBXNativeTarget "Co-Space" */ = {
			isa = XCConfigurationList;
			buildConfigurations = (
				77E3E30F2A414BFF00143224 /* Debug */,
				77E3E3102A414BFF00143224 /* Release */,
			);
			defaultConfigurationIsVisible = 0;
			defaultConfigurationName = Release;
		};
/* End XCConfigurationList section */
	};
	rootObject = 77E3E2F82A414BFE00143224 /* Project object */;
}
